
Microsoft Visual Studio Solution File, Format Version 12.00
# Visual Studio Version 17
VisualStudioVersion = 17.0.31903.59
MinimumVisualStudioVersion = 10.0.40219.1
Project("{FAE04EC0-301F-11D3-BF4B-00C04F79EFBC}") = "App1", "App1\App1.csproj", "{739B7823-D132-48CF-A30C-7762D726D3CC}"
EndProject
Global
	GlobalSection(SolutionConfigurationPlatforms) = preSolution
		Debug|Any CPU = Debug|Any CPU
		Release|Any CPU = Release|Any CPU
	EndGlobalSection
	GlobalSection(ProjectConfigurationPlatforms) = postSolution
		{739B7823-D132-48CF-A30C-7762D726D3CC}.Debug|Any CPU.ActiveCfg = Debug|Any CPU
		{739B7823-D132-48CF-A30C-7762D726D3CC}.Debug|Any CPU.Build.0 = Debug|Any CPU
		{739B7823-D132-48CF-A30C-7762D726D3CC}.Release|Any CPU.ActiveCfg = Release|Any CPU
		{739B7823-D132-48CF-A30C-7762D726D3CC}.Release|Any CPU.Build.0 = Release|Any CPU
	EndGlobalSection
	GlobalSection(SolutionProperties) = preSolution
		HideSolutionNode = FALSE
	EndGlobalSection
	GlobalSection(ExtensibilityGlobals) = postSolution
		SolutionGuid = {C74F7255-2B90-4864-BED2-91301299316F}
	EndGlobalSection
EndGlobal
